
Microsoft Visual Studio Solution File, Format Version 12.00
# Visual Studio Version 17
VisualStudioVersion = 17.5.33424.131
MinimumVisualStudioVersion = 10.0.40219.1
Project("{9A19103F-16F7-4668-BE54-9A1E7A4F7556}") = "seminar8", "seminar8\seminar8.csproj", "{B20504FD-D814-408C-87ED-7CE59EB67111}"
EndProject
Project("{9A19103F-16F7-4668-BE54-9A1E7A4F7556}") = "task53", "task53\task53.csproj", "{67DF3794-2F13-407F-AD9F-0E5FEA8DB599}"
EndProject
Project("{9A19103F-16F7-4668-BE54-9A1E7A4F7556}") = "task55", "task55\task55.csproj", "{3DD7105C-A288-4545-9EC2-C9898182E15D}"
EndProject
Project("{9A19103F-16F7-4668-BE54-9A1E7A4F7556}") = "task57", "task57\task57.csproj", "{97435394-0F7B-4C0D-8AE4-CC10907C8239}"
EndProject
Project("{9A19103F-16F7-4668-BE54-9A1E7A4F7556}") = "task59", "task59\task59.csproj", "{8E00DF94-1F21-4EA1-A15D-5BE0503AE7ED}"
EndProject
Project("{FAE04EC0-301F-11D3-BF4B-00C04F79EFBC}") = "task54", "task54\task54.csproj", "{7171B54B-70BA-4654-9FFC-EC5E1A72DC7A}"
EndProject
Project("{FAE04EC0-301F-11D3-BF4B-00C04F79EFBC}") = "Task54WithoutJaggedArray", "Task54WithoutJaggedArray\Task54WithoutJaggedArray.csproj", "{F91A1BAC-E8FA-417E-96DC-D9807F050CEC}"
EndProject
Project("{FAE04EC0-301F-11D3-BF4B-00C04F79EFBC}") = "task56", "task56\task56.csproj", "{6B789FEE-BC9C-4786-BCF2-17CB7E9F1DED}"
EndProject
Project("{FAE04EC0-301F-11D3-BF4B-00C04F79EFBC}") = "task58", "task58\task58.csproj", "{53CBE677-B23F-4175-95CE-E61797A2B991}"
EndProject
Global
	GlobalSection(SolutionConfigurationPlatforms) = preSolution
		Debug|Any CPU = Debug|Any CPU
		Release|Any CPU = Release|Any CPU
	EndGlobalSection
	GlobalSection(ProjectConfigurationPlatforms) = postSolution
		{B20504FD-D814-408C-87ED-7CE59EB67111}.Debug|Any CPU.ActiveCfg = Debug|Any CPU
		{B20504FD-D814-408C-87ED-7CE59EB67111}.Debug|Any CPU.Build.0 = Debug|Any CPU
		{B20504FD-D814-408C-87ED-7CE59EB67111}.Release|Any CPU.ActiveCfg = Release|Any CPU
		{B20504FD-D814-408C-87ED-7CE59EB67111}.Release|Any CPU.Build.0 = Release|Any CPU
		{67DF3794-2F13-407F-AD9F-0E5FEA8DB599}.Debug|Any CPU.ActiveCfg = Debug|Any CPU
		{67DF3794-2F13-407F-AD9F-0E5FEA8DB599}.Debug|Any CPU.Build.0 = Debug|Any CPU
		{67DF3794-2F13-407F-AD9F-0E5FEA8DB599}.Release|Any CPU.ActiveCfg = Release|Any CPU
		{67DF3794-2F13-407F-AD9F-0E5FEA8DB599}.Release|Any CPU.Build.0 = Release|Any CPU
		{3DD7105C-A288-4545-9EC2-C9898182E15D}.Debug|Any CPU.ActiveCfg = Debug|Any CPU
		{3DD7105C-A288-4545-9EC2-C9898182E15D}.Debug|Any CPU.Build.0 = Debug|Any CPU
		{3DD7105C-A288-4545-9EC2-C9898182E15D}.Release|Any CPU.ActiveCfg = Release|Any CPU
		{3DD7105C-A288-4545-9EC2-C9898182E15D}.Release|Any CPU.Build.0 = Release|Any CPU
		{97435394-0F7B-4C0D-8AE4-CC10907C8239}.Debug|Any CPU.ActiveCfg = Debug|Any CPU
		{97435394-0F7B-4C0D-8AE4-CC10907C8239}.Debug|Any CPU.Build.0 = Debug|Any CPU
		{97435394-0F7B-4C0D-8AE4-CC10907C8239}.Release|Any CPU.ActiveCfg = Release|Any CPU
		{97435394-0F7B-4C0D-8AE4-CC10907C8239}.Release|Any CPU.Build.0 = Release|Any CPU
		{8E00DF94-1F21-4EA1-A15D-5BE0503AE7ED}.Debug|Any CPU.ActiveCfg = Debug|Any CPU
		{8E00DF94-1F21-4EA1-A15D-5BE0503AE7ED}.Debug|Any CPU.Build.0 = Debug|Any CPU
		{8E00DF94-1F21-4EA1-A15D-5BE0503AE7ED}.Release|Any CPU.ActiveCfg = Release|Any CPU
		{8E00DF94-1F21-4EA1-A15D-5BE0503AE7ED}.Release|Any CPU.Build.0 = Release|Any CPU
		{7171B54B-70BA-4654-9FFC-EC5E1A72DC7A}.Debug|Any CPU.ActiveCfg = Debug|Any CPU
		{7171B54B-70BA-4654-9FFC-EC5E1A72DC7A}.Debug|Any CPU.Build.0 = Debug|Any CPU
		{7171B54B-70BA-4654-9FFC-EC5E1A72DC7A}.Release|Any CPU.ActiveCfg = Release|Any CPU
		{7171B54B-70BA-4654-9FFC-EC5E1A72DC7A}.Release|Any CPU.Build.0 = Release|Any CPU
		{F91A1BAC-E8FA-417E-96DC-D9807F050CEC}.Debug|Any CPU.ActiveCfg = Debug|Any CPU
		{F91A1BAC-E8FA-417E-96DC-D9807F050CEC}.Debug|Any CPU.Build.0 = Debug|Any CPU
		{F91A1BAC-E8FA-417E-96DC-D9807F050CEC}.Release|Any CPU.ActiveCfg = Release|Any CPU
		{F91A1BAC-E8FA-417E-96DC-D9807F050CEC}.Release|Any CPU.Build.0 = Release|Any CPU
		{6B789FEE-BC9C-4786-BCF2-17CB7E9F1DED}.Debug|Any CPU.ActiveCfg = Debug|Any CPU
		{6B789FEE-BC9C-4786-BCF2-17CB7E9F1DED}.Debug|Any CPU.Build.0 = Debug|Any CPU
		{6B789FEE-BC9C-4786-BCF2-17CB7E9F1DED}.Release|Any CPU.ActiveCfg = Release|Any CPU
		{6B789FEE-BC9C-4786-BCF2-17CB7E9F1DED}.Release|Any CPU.Build.0 = Release|Any CPU
		{53CBE677-B23F-4175-95CE-E61797A2B991}.Debug|Any CPU.ActiveCfg = Debug|Any CPU
		{53CBE677-B23F-4175-95CE-E61797A2B991}.Debug|Any CPU.Build.0 = Debug|Any CPU
		{53CBE677-B23F-4175-95CE-E61797A2B991}.Release|Any CPU.ActiveCfg = Release|Any CPU
		{53CBE677-B23F-4175-95CE-E61797A2B991}.Release|Any CPU.Build.0 = Release|Any CPU
	EndGlobalSection
	GlobalSection(SolutionProperties) = preSolution
		HideSolutionNode = FALSE
	EndGlobalSection
	GlobalSection(ExtensibilityGlobals) = postSolution
		SolutionGuid = {B1728E05-347C-4407-9FFF-D8B216D88D11}
	EndGlobalSection
EndGlobal
